
Microsoft Visual Studio Solution File, Format Version 12.00
# Visual Studio Version 17
VisualStudioVersion = 17.12.35527.113 d17.12
MinimumVisualStudioVersion = 10.0.40219.1
Project("{FAE04EC0-301F-11D3-BF4B-00C04F79EFBC}") = "ProblemSolving", "ConsoleApp1\ProblemSolving.csproj", "{140B2835-7C8C-415A-8A6A-37E55BF2C823}"
EndProject
Project("{FAE04EC0-301F-11D3-BF4B-00C04F79EFBC}") = "Automations_solutionz", "Automations_solutionz\Automations_solutionz.csproj", "{A96B22EE-8E64-4B17-A9DD-3AA142196C53}"
EndProject
Global
	GlobalSection(SolutionConfigurationPlatforms) = preSolution
		Debug|Any CPU = Debug|Any CPU
		Release|Any CPU = Release|Any CPU
	EndGlobalSection
	GlobalSection(ProjectConfigurationPlatforms) = postSolution
		{140B2835-7C8C-415A-8A6A-37E55BF2C823}.Debug|Any CPU.ActiveCfg = Debug|Any CPU
		{140B2835-7C8C-415A-8A6A-37E55BF2C823}.Debug|Any CPU.Build.0 = Debug|Any CPU
		{140B2835-7C8C-415A-8A6A-37E55BF2C823}.Release|Any CPU.ActiveCfg = Release|Any CPU
		{140B2835-7C8C-415A-8A6A-37E55BF2C823}.Release|Any CPU.Build.0 = Release|Any CPU
		{A96B22EE-8E64-4B17-A9DD-3AA142196C53}.Debug|Any CPU.ActiveCfg = Debug|Any CPU
		{A96B22EE-8E64-4B17-A9DD-3AA142196C53}.Debug|Any CPU.Build.0 = Debug|Any CPU
		{A96B22EE-8E64-4B17-A9DD-3AA142196C53}.Release|Any CPU.ActiveCfg = Release|Any CPU
		{A96B22EE-8E64-4B17-A9DD-3AA142196C53}.Release|Any CPU.Build.0 = Release|Any CPU
	EndGlobalSection
	GlobalSection(SolutionProperties) = preSolution
		HideSolutionNode = FALSE
	EndGlobalSection
EndGlobal
